<?xml version="1.0" encoding="utf-8"?>
<Project ToolsVersion="4.0" xmlns="http://schemas.microsoft.com/developer/msbuild/2003">
  <ItemGroup>
    <ClCompile Include="Source\Log.cpp">
      <Filter>Game\Useful</Filter>
    </ClCompile>
    <ClCompile Include="Source\External\PugiXml\src\pugixml.cpp">
      <Filter>External\PuguiXml</Filter>
    </ClCompile>
    <ClCompile Include="Source\Input.cpp">
      <Filter>Game\Modules</Filter>
    </ClCompile>
    <ClCompile Include="Source\MainMenu.cpp">
      <Filter>Game\Scenes</Filter>
    </ClCompile>
    <ClCompile Include="Source\FadeToBlack.cpp">
      <Filter>Game\Modules</Filter>
    </ClCompile>
    <ClCompile Include="Source\Map.cpp">
      <Filter>Game\Modules</Filter>
    </ClCompile>
    <ClCompile Include="Source\LogoScene.cpp">
      <Filter>Game\Scenes</Filter>
    </ClCompile>
    <ClCompile Include="Source\Timer.cpp">
      <Filter>Game\Useful</Filter>
    </ClCompile>
    <ClCompile Include="Source\DungeonScene.cpp">
      <Filter>Game\Scenes</Filter>
    </ClCompile>
    <ClCompile Include="Source\Animation.cpp">
      <Filter>Game\Useful</Filter>
    </ClCompile>
    <ClCompile Include="Source\Collisions.cpp">
      <Filter>Game\Modules</Filter>
    </ClCompile>
    <ClCompile Include="Source\Audio.cpp">
      <Filter>Game\Modules\Image &amp; Sound</Filter>
    </ClCompile>
    <ClCompile Include="Source\Render.cpp">
      <Filter>Game\Modules\Image &amp; Sound</Filter>
    </ClCompile>
    <ClCompile Include="Source\Textures.cpp">
      <Filter>Game\Modules\Image &amp; Sound</Filter>
    </ClCompile>
    <ClCompile Include="Source\Window.cpp">
      <Filter>Game\Modules\Image &amp; Sound</Filter>
    </ClCompile>
    <ClCompile Include="Source\WinScene.cpp">
      <Filter>Game\Scenes</Filter>
    </ClCompile>
    <ClCompile Include="Source\EntityManager.cpp">
      <Filter>Game\Modules</Filter>
    </ClCompile>
    <ClCompile Include="Source\Player.cpp">
      <Filter>Game\Entities</Filter>
    </ClCompile>
    <ClCompile Include="Source\Entity.cpp">
      <Filter>Game\Entities</Filter>
    </ClCompile>
    <ClCompile Include="Source\App.cpp">
      <Filter>Game</Filter>
    </ClCompile>
    <ClCompile Include="Source\Main.cpp">
      <Filter>Game</Filter>
    </ClCompile>
    <ClCompile Include="Source\Shuriken.cpp">
      <Filter>Game\Entities</Filter>
    </ClCompile>
    <ClCompile Include="Source\Pathfinding.cpp">
      <Filter>Game\Useful</Filter>
    </ClCompile>
    <ClCompile Include="Source\Enemy.cpp">
      <Filter>Game\Entities</Filter>
    </ClCompile>
    <ClCompile Include="Source\Bat.cpp">
      <Filter>Game\Entities</Filter>
    </ClCompile>
  </ItemGroup>
  <ItemGroup>
    <ClInclude Include="Source\Defs.h">
      <Filter>Game\Useful</Filter>
    </ClInclude>
    <ClInclude Include="Source\DynArray.h">
      <Filter>Game\Useful</Filter>
    </ClInclude>
    <ClInclude Include="Source\List.h">
      <Filter>Game\Useful</Filter>
    </ClInclude>
    <ClInclude Include="Source\Log.h">
      <Filter>Game\Useful</Filter>
    </ClInclude>
    <ClInclude Include="Source\Point.h">
      <Filter>Game\Useful</Filter>
    </ClInclude>
    <ClInclude Include="Source\SString.h">
      <Filter>Game\Useful</Filter>
    </ClInclude>
    <ClInclude Include="Source\External\PugiXml\src\pugiconfig.hpp">
      <Filter>External\PuguiXml</Filter>
    </ClInclude>
    <ClInclude Include="Source\External\PugiXml\src\pugixml.hpp">
      <Filter>External\PuguiXml</Filter>
    </ClInclude>
    <ClInclude Include="Source\Input.h">
      <Filter>Game\Modules</Filter>
    </ClInclude>
    <ClInclude Include="Source\MainMenu.h">
      <Filter>Game\Scenes</Filter>
    </ClInclude>
    <ClInclude Include="Source\FadeToBlack.h">
      <Filter>Game\Modules</Filter>
    </ClInclude>
    <ClInclude Include="Source\Map.h">
      <Filter>Game\Modules</Filter>
    </ClInclude>
    <ClInclude Include="Source\LogoScene.h">
      <Filter>Game\Scenes</Filter>
    </ClInclude>
    <ClInclude Include="Source\Timer.h">
      <Filter>Game\Useful</Filter>
    </ClInclude>
    <ClInclude Include="Source\DungeonScene.h">
      <Filter>Game\Scenes</Filter>
    </ClInclude>
    <ClInclude Include="Source\Animation.h">
      <Filter>Game\Useful</Filter>
    </ClInclude>
    <ClInclude Include="Source\Collisions.h">
      <Filter>Game\Modules</Filter>
    </ClInclude>
    <ClInclude Include="Source\Collider.h">
      <Filter>Game\Useful</Filter>
    </ClInclude>
    <ClInclude Include="Source\Audio.h">
      <Filter>Game\Modules\Image &amp; Sound</Filter>
    </ClInclude>
    <ClInclude Include="Source\Render.h">
      <Filter>Game\Modules\Image &amp; Sound</Filter>
    </ClInclude>
    <ClInclude Include="Source\Textures.h">
      <Filter>Game\Modules\Image &amp; Sound</Filter>
    </ClInclude>
    <ClInclude Include="Source\Window.h">
      <Filter>Game\Modules\Image &amp; Sound</Filter>
    </ClInclude>
    <ClInclude Include="Source\Checkpoints.h">
      <Filter>Game\Useful</Filter>
    </ClInclude>
    <ClInclude Include="Source\WinScene.h">
      <Filter>Game\Scenes</Filter>
    </ClInclude>
    <ClInclude Include="Source\EntityManager.h">
      <Filter>Game\Modules</Filter>
    </ClInclude>
    <ClInclude Include="Source\App.h">
      <Filter>Game</Filter>
    </ClInclude>
    <ClInclude Include="Source\Module.h">
      <Filter>Game</Filter>
    </ClInclude>
    <ClInclude Include="Source\Pathfinding.h">
      <Filter>Game\Useful</Filter>
    </ClInclude>
    <ClInclude Include="Source\Bat.h">
      <Filter>Game\Entities</Filter>
    </ClInclude>
    <ClInclude Include="Source\Enemy.h">
      <Filter>Game\Entities</Filter>
    </ClInclude>
    <ClInclude Include="Source\Entity.h">
      <Filter>Game\Entities</Filter>
    </ClInclude>
    <ClInclude Include="Source\Player.h">
      <Filter>Game\Entities</Filter>
    </ClInclude>
    <ClInclude Include="Source\Shuriken.h">
      <Filter>Game\Entities</Filter>
    </ClInclude>
  </ItemGroup>
  <ItemGroup>
    <Filter Include="External">
      <UniqueIdentifier>{83a966c7-b4bb-4eff-9c2c-3ff3c7b55a60}</UniqueIdentifier>
    </Filter>
    <Filter Include="External\PuguiXml">
      <UniqueIdentifier>{2855ff7f-53a1-413d-a75b-18b4ade921dd}</UniqueIdentifier>
    </Filter>
    <Filter Include="Game">
      <UniqueIdentifier>{96277ccb-82ca-4f57-b6f3-f0b64b1302aa}</UniqueIdentifier>
    </Filter>
    <Filter Include="Game\Scenes">
      <UniqueIdentifier>{2bee06b9-671b-45d2-abf2-0b40e25a4a30}</UniqueIdentifier>
    </Filter>
    <Filter Include="Game\Useful">
      <UniqueIdentifier>{2cad778a-d356-48b0-9fee-587f1bbb187e}</UniqueIdentifier>
    </Filter>
    <Filter Include="Game\XML">
      <UniqueIdentifier>{6948ee01-1d7c-49f4-b309-ab730396204f}</UniqueIdentifier>
    </Filter>
    <Filter Include="Game\XML\Maps">
      <UniqueIdentifier>{6b8c32a1-8be3-4422-a83c-399feeef2b66}</UniqueIdentifier>
    </Filter>
    <Filter Include="Game\Entities">
      <UniqueIdentifier>{0dd8ab61-9d97-4433-b9a4-35d72f88ad21}</UniqueIdentifier>
    </Filter>
    <Filter Include="Game\Modules">
      <UniqueIdentifier>{108ea5a3-af34-46a6-bac0-672ef6bb8654}</UniqueIdentifier>
    </Filter>
    <Filter Include="Game\Modules\Image &amp; Sound">
      <UniqueIdentifier>{da1ecbe5-107f-4dd7-9892-c6560ae4aa22}</UniqueIdentifier>
    </Filter>
  </ItemGroup>
  <ItemGroup>
    <Xml Include="..\Output\config.xml">
      <Filter>Game\XML</Filter>
    </Xml>
    <Xml Include="..\Output\savegame.xml">
      <Filter>Game\XML</Filter>
    </Xml>
  </ItemGroup>
  <ItemGroup>
    <None Include="..\Output\Assets\maps\dungeon1.tmx">
      <Filter>Game\XML\Maps</Filter>
    </None>
    <None Include="..\Output\Assets\maps\dungeon2.tmx">
      <Filter>Game\XML\Maps</Filter>
    </None>
  </ItemGroup>
</Project>